
Microsoft Visual Studio Solution File, Format Version 12.00
Project("{FAE04EC0-301F-11D3-BF4B-00C04F79EFBC}") = "Selenium_Wrapper", "Selenium_Wrapper\Selenium_Wrapper.csproj", "{6A8C102A-3EBA-4916-BD3B-48304ED0F2DB}"
EndProject
Project("{FAE04EC0-301F-11D3-BF4B-00C04F79EFBC}") = "Pages", "Pages\Pages.csproj", "{CBFD228D-B60C-423F-AB6F-970EFC6BDF1E}"
EndProject
Project("{FAE04EC0-301F-11D3-BF4B-00C04F79EFBC}") = "Models_and_Steps", "Models_and_Steps\Models_and_Steps.csproj", "{B756D77E-9BF6-447E-A926-F6BC8126AA92}"
EndProject
Project("{FAE04EC0-301F-11D3-BF4B-00C04F79EFBC}") = "Tests", "Tests\Tests.csproj", "{8B28A8F7-BE37-4988-88DF-4C192EE0456E}"
EndProject
Project("{FAE04EC0-301F-11D3-BF4B-00C04F79EFBC}") = "Utilities", "Utilities\Utilities.csproj", "{FC169B44-2054-45BC-87EB-479013A439EE}"
EndProject
Project("{FAE04EC0-301F-11D3-BF4B-00C04F79EFBC}") = "API_models", "API_models\API_models.csproj", "{57E87791-438F-4620-8532-7E8F57C1C881}"
EndProject
Project("{FAE04EC0-301F-11D3-BF4B-00C04F79EFBC}") = "API_Services", "API_Services\API_Services.csproj", "{1F5D0358-97F9-4694-8FDE-1EEB2975700E}"
EndProject
Global
	GlobalSection(SolutionConfigurationPlatforms) = preSolution
		Debug|Any CPU = Debug|Any CPU
		Release|Any CPU = Release|Any CPU
	EndGlobalSection
	GlobalSection(ProjectConfigurationPlatforms) = postSolution
		{6A8C102A-3EBA-4916-BD3B-48304ED0F2DB}.Debug|Any CPU.ActiveCfg = Debug|Any CPU
		{6A8C102A-3EBA-4916-BD3B-48304ED0F2DB}.Debug|Any CPU.Build.0 = Debug|Any CPU
		{6A8C102A-3EBA-4916-BD3B-48304ED0F2DB}.Release|Any CPU.ActiveCfg = Release|Any CPU
		{6A8C102A-3EBA-4916-BD3B-48304ED0F2DB}.Release|Any CPU.Build.0 = Release|Any CPU
		{CBFD228D-B60C-423F-AB6F-970EFC6BDF1E}.Debug|Any CPU.ActiveCfg = Debug|Any CPU
		{CBFD228D-B60C-423F-AB6F-970EFC6BDF1E}.Debug|Any CPU.Build.0 = Debug|Any CPU
		{CBFD228D-B60C-423F-AB6F-970EFC6BDF1E}.Release|Any CPU.ActiveCfg = Release|Any CPU
		{CBFD228D-B60C-423F-AB6F-970EFC6BDF1E}.Release|Any CPU.Build.0 = Release|Any CPU
		{B756D77E-9BF6-447E-A926-F6BC8126AA92}.Debug|Any CPU.ActiveCfg = Debug|Any CPU
		{B756D77E-9BF6-447E-A926-F6BC8126AA92}.Debug|Any CPU.Build.0 = Debug|Any CPU
		{B756D77E-9BF6-447E-A926-F6BC8126AA92}.Release|Any CPU.ActiveCfg = Release|Any CPU
		{B756D77E-9BF6-447E-A926-F6BC8126AA92}.Release|Any CPU.Build.0 = Release|Any CPU
		{8B28A8F7-BE37-4988-88DF-4C192EE0456E}.Debug|Any CPU.ActiveCfg = Debug|Any CPU
		{8B28A8F7-BE37-4988-88DF-4C192EE0456E}.Debug|Any CPU.Build.0 = Debug|Any CPU
		{8B28A8F7-BE37-4988-88DF-4C192EE0456E}.Release|Any CPU.ActiveCfg = Release|Any CPU
		{8B28A8F7-BE37-4988-88DF-4C192EE0456E}.Release|Any CPU.Build.0 = Release|Any CPU
		{FC169B44-2054-45BC-87EB-479013A439EE}.Debug|Any CPU.ActiveCfg = Debug|Any CPU
		{FC169B44-2054-45BC-87EB-479013A439EE}.Debug|Any CPU.Build.0 = Debug|Any CPU
		{FC169B44-2054-45BC-87EB-479013A439EE}.Release|Any CPU.ActiveCfg = Release|Any CPU
		{FC169B44-2054-45BC-87EB-479013A439EE}.Release|Any CPU.Build.0 = Release|Any CPU
		{57E87791-438F-4620-8532-7E8F57C1C881}.Debug|Any CPU.ActiveCfg = Debug|Any CPU
		{57E87791-438F-4620-8532-7E8F57C1C881}.Debug|Any CPU.Build.0 = Debug|Any CPU
		{57E87791-438F-4620-8532-7E8F57C1C881}.Release|Any CPU.ActiveCfg = Release|Any CPU
		{57E87791-438F-4620-8532-7E8F57C1C881}.Release|Any CPU.Build.0 = Release|Any CPU
		{1F5D0358-97F9-4694-8FDE-1EEB2975700E}.Debug|Any CPU.ActiveCfg = Debug|Any CPU
		{1F5D0358-97F9-4694-8FDE-1EEB2975700E}.Debug|Any CPU.Build.0 = Debug|Any CPU
		{1F5D0358-97F9-4694-8FDE-1EEB2975700E}.Release|Any CPU.ActiveCfg = Release|Any CPU
		{1F5D0358-97F9-4694-8FDE-1EEB2975700E}.Release|Any CPU.Build.0 = Release|Any CPU
	EndGlobalSection
EndGlobal
